
Microsoft Visual Studio Solution File, Format Version 12.00
# Visual Studio Version 17
VisualStudioVersion = 17.14.36127.28 d17.14
MinimumVisualStudioVersion = 10.0.40219.1
Project("{2150E333-8FDC-42A3-9474-1A3956D46DE8}") = "src", "src", "{02EA681E-C7D8-13C7-8484-4AC65E1B71E8}"
EndProject
Project("{2150E333-8FDC-42A3-9474-1A3956D46DE8}") = "docs", "docs", "{7DBEA2BE-5A40-4B7C-93EB-711E23646F9B}"
EndProject
Project("{2150E333-8FDC-42A3-9474-1A3956D46DE8}") = "tests", "tests", "{0AC00A27-3404-4640-A544-92C77540D2A1}"
EndProject
Project("{2150E333-8FDC-42A3-9474-1A3956D46DE8}") = "samples", "samples", "{498415CF-11AF-45B0-ABCD-0C6C4D8F6F50}"
EndProject
Project("{FAE04EC0-301F-11D3-BF4B-00C04F79EFBC}") = "JT.SmartConfigManager", "src\JT.SmartConfigManager\JT.SmartConfigManager.csproj", "{32E7243A-6FFE-4DA0-8385-DA21608E5770}"
EndProject
Global
	GlobalSection(SolutionConfigurationPlatforms) = preSolution
		Debug|Any CPU = Debug|Any CPU
		Release|Any CPU = Release|Any CPU
	EndGlobalSection
	GlobalSection(ProjectConfigurationPlatforms) = postSolution
		{32E7243A-6FFE-4DA0-8385-DA21608E5770}.Debug|Any CPU.ActiveCfg = Debug|Any CPU
		{32E7243A-6FFE-4DA0-8385-DA21608E5770}.Debug|Any CPU.Build.0 = Debug|Any CPU
		{32E7243A-6FFE-4DA0-8385-DA21608E5770}.Release|Any CPU.ActiveCfg = Release|Any CPU
		{32E7243A-6FFE-4DA0-8385-DA21608E5770}.Release|Any CPU.Build.0 = Release|Any CPU
	EndGlobalSection
	GlobalSection(SolutionProperties) = preSolution
		HideSolutionNode = FALSE
	EndGlobalSection
	GlobalSection(NestedProjects) = preSolution
		{32E7243A-6FFE-4DA0-8385-DA21608E5770} = {02EA681E-C7D8-13C7-8484-4AC65E1B71E8}
	EndGlobalSection
	GlobalSection(ExtensibilityGlobals) = postSolution
		SolutionGuid = {3DB3590F-ABDE-4176-84D4-D51B0AD4107C}
	EndGlobalSection
EndGlobal
